
Microsoft Visual Studio Solution File, Format Version 12.00
# Visual Studio Version 16
VisualStudioVersion = 16.0.31205.134
MinimumVisualStudioVersion = 10.0.40219.1
Project("{FAE04EC0-301F-11D3-BF4B-00C04F79EFBC}") = "KHMemLibrary", "KHMemLibrary\KHMemLibrary.csproj", "{61D317C8-9CF7-4143-9560-8782CA644D8F}"
EndProject
Global
	GlobalSection(SolutionConfigurationPlatforms) = preSolution
		Debug|Any CPU = Debug|Any CPU
		Release|Any CPU = Release|Any CPU
	EndGlobalSection
	GlobalSection(ProjectConfigurationPlatforms) = postSolution
		{61D317C8-9CF7-4143-9560-8782CA644D8F}.Debug|Any CPU.ActiveCfg = Debug|Any CPU
		{61D317C8-9CF7-4143-9560-8782CA644D8F}.Debug|Any CPU.Build.0 = Debug|Any CPU
		{61D317C8-9CF7-4143-9560-8782CA644D8F}.Release|Any CPU.ActiveCfg = Release|Any CPU
		{61D317C8-9CF7-4143-9560-8782CA644D8F}.Release|Any CPU.Build.0 = Release|Any CPU
	EndGlobalSection
	GlobalSection(SolutionProperties) = preSolution
		HideSolutionNode = FALSE
	EndGlobalSection
	GlobalSection(ExtensibilityGlobals) = postSolution
		SolutionGuid = {91A43403-7083-4497-8B10-719D12673546}
	EndGlobalSection
EndGlobal
